
Microsoft Visual Studio Solution File, Format Version 12.00
# Visual Studio 15
VisualStudioVersion = 15.0.27703.2000
MinimumVisualStudioVersion = 10.0.40219.1
Project("{8BC9CEB8-8B4A-11D0-8D11-00A0C91BC942}") = "libtask", "libtask.vcxproj", "{FD137E57-E96F-485A-B37D-F977188E8DA4}"
EndProject
Global
	GlobalSection(SolutionConfigurationPlatforms) = preSolution
		Debug|x64 = Debug|x64
		Debug|x86 = Debug|x86
		Release|x64 = Release|x64
		Release|x86 = Release|x86
	EndGlobalSection
	GlobalSection(ProjectConfigurationPlatforms) = postSolution
		{FD137E57-E96F-485A-B37D-F977188E8DA4}.Debug|x64.ActiveCfg = Debug|x64
		{FD137E57-E96F-485A-B37D-F977188E8DA4}.Debug|x64.Build.0 = Debug|x64
		{FD137E57-E96F-485A-B37D-F977188E8DA4}.Debug|x86.ActiveCfg = Debug|Win32
		{FD137E57-E96F-485A-B37D-F977188E8DA4}.Debug|x86.Build.0 = Debug|Win32
		{FD137E57-E96F-485A-B37D-F977188E8DA4}.Release|x64.ActiveCfg = Release|x64
		{FD137E57-E96F-485A-B37D-F977188E8DA4}.Release|x64.Build.0 = Release|x64
		{FD137E57-E96F-485A-B37D-F977188E8DA4}.Release|x86.ActiveCfg = Release|Win32
		{FD137E57-E96F-485A-B37D-F977188E8DA4}.Release|x86.Build.0 = Release|Win32
	EndGlobalSection
	GlobalSection(SolutionProperties) = preSolution
		HideSolutionNode = FALSE
	EndGlobalSection
	GlobalSection(ExtensibilityGlobals) = postSolution
		SolutionGuid = {4CADEFB8-D910-475D-A754-267621D9C9E2}
	EndGlobalSection
EndGlobal
